<Solution>
  <Project Path="Convai.Runtime.csproj" />
  <Project Path="Pinwheel.Vista.Runtime.csproj" />
  <Project Path="Assembly-CSharp-Editor.csproj" />
  <Project Path="CesiumForUnity.csproj" />
  <Project Path="BlockadeLabsSDK.Runtime.csproj" />
  <Project Path="Assembly-CSharp.csproj" />
  <Project Path="asset-store-tools-editor.csproj" />
  <Project Path="LiveKit.csproj" />
  <Project Path="Pinwheel.Vista.Editor.csproj" />
  <Project Path="Convai.Runtime.UI.csproj" />
  <Project Path="MapMagic.csproj" />
  <Project Path="Alsasua.Systems.csproj" />
  <Project Path="Convai.Domain.csproj" />
  <Project Path="Convai.Modules.LipSync.csproj" />
  <Project Path="Alsasua.Editor.csproj" />
  <Project Path="Alsasua.Runtime.csproj" />
  <Project Path="Convai.Tests.EditMode.csproj" />
  <Project Path="Convai.Transport.WebGL.csproj" />
  <Project Path="Den.Tools.csproj" />
  <Project Path="Convai.Transport.Native.csproj" />
  <Project Path="sc.vegetationspawner.runtime.csproj" />
  <Project Path="404-gen-unity-plugin.csproj" />
  <Project Path="Alsasua.Core.csproj" />
  <Project Path="Den.Tools.Editor.csproj" />
  <Project Path="MapMagic.Editor.csproj" />
  <Project Path="GaussianSplatting.csproj" />
  <Project Path="sc.vegetationspawner.editor.csproj" />
  <Project Path="LiveKitBridge.csproj" />
  <Project Path="Convai.Editor.csproj" />
  <Project Path="Alsasua.Crowd.csproj" />
  <Project Path="Convai.Modules.Narrative.csproj" />
  <Project Path="CesiumTests.csproj" />
  <Project Path="Convai.Shared.Unity.csproj" />
  <Project Path="Convai.RestAPI.csproj" />
  <Project Path="Alsasua.Modules.csproj" />
  <Project Path="Convai.Modules.Vision.csproj" />
  <Project Path="BlockadeLabsSDK.Editor.csproj" />
  <Project Path="VoxelLabs.UltimatePreview.Lib.csproj" />
  <Project Path="Convai.Sample.csproj" />
  <Project Path="Convai.Samples.LipSyncSample.csproj" />
  <Project Path="Rowlan.Fullscreen.Editor.csproj" />
  <Project Path="ALP8310_ControllerGlobal.csproj" />
  <Project Path="Reallusion.CCiC.Editor.csproj" />
  <Project Path="CesiumEditorTests.csproj" />
  <Project Path="MapMagic.Settings.csproj" />
  <Project Path="BlockadeLabsSDK.Tests.csproj" />
  <Project Path="LiveKit.Editor.csproj" />
  <Project Path="Reallusion.CCiC.Runtime.csproj" />
  <Project Path="Rowlan.Fullscreen.Runtime.csproj" />
  <Project Path="ALP8310_ControllerGlobal.Editor.csproj" />
  <Project Path="VoxelLabs.UltimatePreview.CustomPreview.csproj" />
  <Project Path="Alsasua.Tests.EditMode.csproj" />
  <Project Path="Convai.Tests.PlayMode.csproj" />
</Solution>
